// !$*UTF8*$!
{
	archiveVersion = 1;
	classes = {
	};
	objectVersion = 56;
	objects = {

/* Begin PBXBuildFile section */
		2148E47C28E18F1D00EC32A1 /* FacundiaApp.swift in Sources */ = {isa = PBXBuildFile; fileRef = 2148E47B28E18F1D00EC32A1 /* FacundiaApp.swift */; };
		2148E47E28E18F1D00EC32A1 /* ContentView.swift in Sources */ = {isa = PBXBuildFile; fileRef = 2148E47D28E18F1D00EC32A1 /* ContentView.swift */; };
		2148E48028E18F1F00EC32A1 /* Assets.xcassets in Resources */ = {isa = PBXBuildFile; fileRef = 2148E47F28E18F1F00EC32A1 /* Assets.xcassets */; };
		2148E48328E18F1F00EC32A1 /* Preview Assets.xcassets in Resources */ = {isa = PBXBuildFile; fileRef = 2148E48228E18F1F00EC32A1 /* Preview Assets.xcassets */; };
		2148E48D28E18F1F00EC32A1 /* FacundiaTests.swift in Sources */ = {isa = PBXBuildFile; fileRef = 2148E48C28E18F1F00EC32A1 /* FacundiaTests.swift */; };
		2148E49728E18F1F00EC32A1 /* FacundiaUITests.swift in Sources */ = {isa = PBXBuildFile; fileRef = 2148E49628E18F1F00EC32A1 /* FacundiaUITests.swift */; };
		2148E49928E18F1F00EC32A1 /* FacundiaUITestsLaunchTests.swift in Sources */ = {isa = PBXBuildFile; fileRef = 2148E49828E18F1F00EC32A1 /* FacundiaUITestsLaunchTests.swift */; };
/* End PBXBuildFile section */

/* Begin PBXContainerItemProxy section */
		2148E48928E18F1F00EC32A1 /* PBXContainerItemProxy */ = {
			isa = PBXContainerItemProxy;
			containerPortal = 2148E47028E18F1D00EC32A1 /* Project object */;
			proxyType = 1;
			remoteGlobalIDString = 2148E47728E18F1D00EC32A1;
			remoteInfo = Facundia;
		};
		2148E49328E18F1F00EC32A1 /* PBXContainerItemProxy */ = {
			isa = PBXContainerItemProxy;
			containerPortal = 2148E47028E18F1D00EC32A1 /* Project object */;
			proxyType = 1;
			remoteGlobalIDString = 2148E47728E18F1D00EC32A1;
			remoteInfo = Facundia;
		};
/* End PBXContainerItemProxy section */

/* Begin PBXFileReference section */
		2148E47828E18F1D00EC32A1 /* Facundia.app */ = {isa = PBXFileReference; explicitFileType = wrapper.application; includeInIndex = 0; path = Facundia.app; sourceTree = BUILT_PRODUCTS_DIR; };
		2148E47B28E18F1D00EC32A1 /* FacundiaApp.swift */ = {isa = PBXFileReference; lastKnownFileType = sourcecode.swift; path = FacundiaApp.swift; sourceTree = "<group>"; };
		2148E47D28E18F1D00EC32A1 /* ContentView.swift */ = {isa = PBXFileReference; lastKnownFileType = sourcecode.swift; path = ContentView.swift; sourceTree = "<group>"; };
		2148E47F28E18F1F00EC32A1 /* Assets.xcassets */ = {isa = PBXFileReference; lastKnownFileType = folder.assetcatalog; path = Assets.xcassets; sourceTree = "<group>"; };
		2148E48228E18F1F00EC32A1 /* Preview Assets.xcassets */ = {isa = PBXFileReference; lastKnownFileType = folder.assetcatalog; path = "Preview Assets.xcassets"; sourceTree = "<group>"; };
		2148E48828E18F1F00EC32A1 /* FacundiaTests.xctest */ = {isa = PBXFileReference; explicitFileType = wrapper.cfbundle; includeInIndex = 0; path = FacundiaTests.xctest; sourceTree = BUILT_PRODUCTS_DIR; };
		2148E48C28E18F1F00EC32A1 /* FacundiaTests.swift */ = {isa = PBXFileReference; lastKnownFileType = sourcecode.swift; path = FacundiaTests.swift; sourceTree = "<group>"; };
		2148E49228E18F1F00EC32A1 /* FacundiaUITests.xctest */ = {isa = PBXFileReference; explicitFileType = wrapper.cfbundle; includeInIndex = 0; path = FacundiaUITests.xctest; sourceTree = BUILT_PRODUCTS_DIR; };
		2148E49628E18F1F00EC32A1 /* FacundiaUITests.swift */ = {isa = PBXFileReference; lastKnownFileType = sourcecode.swift; path = FacundiaUITests.swift; sourceTree = "<group>"; };
		2148E49828E18F1F00EC32A1 /* FacundiaUITestsLaunchTests.swift */ = {isa = PBXFileReference; lastKnownFileType = sourcecode.swift; path = FacundiaUITestsLaunchTests.swift; sourceTree = "<group>"; };
/* End PBXFileReference section */

/* Begin PBXFrameworksBuildPhase section */
		2148E47528E18F1D00EC32A1 /* Frameworks */ = {
			isa = PBXFrameworksBuildPhase;
			buildActionMask = 2147483647;
			files = (
			);
			runOnlyForDeploymentPostprocessing = 0;
		};
		2148E48528E18F1F00EC32A1 /* Frameworks */ = {
			isa = PBXFrameworksBuildPhase;
			buildActionMask = 2147483647;
			files = (
			);
			runOnlyForDeploymentPostprocessing = 0;
		};
		2148E48F28E18F1F00EC32A1 /* Frameworks */ = {
			isa = PBXFrameworksBuildPhase;
			buildActionMask = 2147483647;
			files = (
			);
			runOnlyForDeploymentPostprocessing = 0;
		};
/* End PBXFrameworksBuildPhase section */

/* Begin PBXGroup section */
		2148E46F28E18F1D00EC32A1 = {
			isa = PBXGroup;
			children = (
				2148E47A28E18F1D00EC32A1 /* Facundia */,
				2148E48B28E18F1F00EC32A1 /* FacundiaTests */,
				2148E49528E18F1F00EC32A1 /* FacundiaUITests */,
				2148E47928E18F1D00EC32A1 /* Products */,
			);
			sourceTree = "<group>";
		};
		2148E47928E18F1D00EC32A1 /* Products */ = {
			isa = PBXGroup;
			children = (
				2148E47828E18F1D00EC32A1 /* Facundia.app */,
				2148E48828E18F1F00EC32A1 /* FacundiaTests.xctest */,
				2148E49228E18F1F00EC32A1 /* FacundiaUITests.xctest */,
			);
			name = Products;
			sourceTree = "<group>";
		};
		2148E47A28E18F1D00EC32A1 /* Facundia */ = {
			isa = PBXGroup;
			children = (
				2148E47B28E18F1D00EC32A1 /* FacundiaApp.swift */,
				2148E47D28E18F1D00EC32A1 /* ContentView.swift */,
				2148E47F28E18F1F00EC32A1 /* Assets.xcassets */,
				2148E48128E18F1F00EC32A1 /* Preview Content */,
			);
			path = Facundia;
			sourceTree = "<group>";
		};
		2148E48128E18F1F00EC32A1 /* Preview Content */ = {
			isa = PBXGroup;
			children = (
				2148E48228E18F1F00EC32A1 /* Preview Assets.xcassets */,
			);
			path = "Preview Content";
			sourceTree = "<group>";
		};
		2148E48B28E18F1F00EC32A1 /* FacundiaTests */ = {
			isa = PBXGroup;
			children = (
				2148E48C28E18F1F00EC32A1 /* FacundiaTests.swift */,
			);
			path = FacundiaTests;
			sourceTree = "<group>";
		};
		2148E49528E18F1F00EC32A1 /* FacundiaUITests */ = {
			isa = PBXGroup;
			children = (
				2148E49628E18F1F00EC32A1 /* FacundiaUITests.swift */,
				2148E49828E18F1F00EC32A1 /* FacundiaUITestsLaunchTests.swift */,
			);
			path = FacundiaUITests;
			sourceTree = "<group>";
		};
/* End PBXGroup section */

/* Begin PBXNativeTarget section */
		2148E47728E18F1D00EC32A1 /* Facundia */ = {
			isa = PBXNativeTarget;
			buildConfigurationList = 2148E49C28E18F1F00EC32A1 /* Build configuration list for PBXNativeTarget "Facundia" */;
			buildPhases = (
				2148E47428E18F1D00EC32A1 /* Sources */,
				2148E47528E18F1D00EC32A1 /* Frameworks */,
				2148E47628E18F1D00EC32A1 /* Resources */,
			);
			buildRules = (
			);
			dependencies = (
			);
			name = Facundia;
			productName = Facundia;
			productReference = 2148E47828E18F1D00EC32A1 /* Facundia.app */;
			productType = "com.apple.product-type.application";
		};
		2148E48728E18F1F00EC32A1 /* FacundiaTests */ = {
			isa = PBXNativeTarget;
			buildConfigurationList = 2148E49F28E18F1F00EC32A1 /* Build configuration list for PBXNativeTarget "FacundiaTests" */;
			buildPhases = (
				2148E48428E18F1F00EC32A1 /* Sources */,
				2148E48528E18F1F00EC32A1 /* Frameworks */,
				2148E48628E18F1F00EC32A1 /* Resources */,
			);
			buildRules = (
			);
			dependencies = (
				2148E48A28E18F1F00EC32A1 /* PBXTargetDependency */,
			);
			name = FacundiaTests;
			productName = FacundiaTests;
			productReference = 2148E48828E18F1F00EC32A1 /* FacundiaTests.xctest */;
			productType = "com.apple.product-type.bundle.unit-test";
		};
		2148E49128E18F1F00EC32A1 /* FacundiaUITests */ = {
			isa = PBXNativeTarget;
			buildConfigurationList = 2148E4A228E18F1F00EC32A1 /* Build configuration list for PBXNativeTarget "FacundiaUITests" */;
			buildPhases = (
				2148E48E28E18F1F00EC32A1 /* Sources */,
				2148E48F28E18F1F00EC32A1 /* Frameworks */,
				2148E49028E18F1F00EC32A1 /* Resources */,
			);
			buildRules = (
			);
			dependencies = (
				2148E49428E18F1F00EC32A1 /* PBXTargetDependency */,
			);
			name = FacundiaUITests;
			productName = FacundiaUITests;
			productReference = 2148E49228E18F1F00EC32A1 /* FacundiaUITests.xctest */;
			productType = "com.apple.product-type.bundle.ui-testing";
		};
/* End PBXNativeTarget section */

/* Begin PBXProject section */
		2148E47028E18F1D00EC32A1 /* Project object */ = {
			isa = PBXProject;
			attributes = {
				BuildIndependentTargetsInParallel = 1;
				LastSwiftUpdateCheck = 1400;
				LastUpgradeCheck = 1400;
				TargetAttributes = {
					2148E47728E18F1D00EC32A1 = {
						CreatedOnToolsVersion = 14.0;
					};
					2148E48728E18F1F00EC32A1 = {
						CreatedOnToolsVersion = 14.0;
						TestTargetID = 2148E47728E18F1D00EC32A1;
					};
					2148E49128E18F1F00EC32A1 = {
						CreatedOnToolsVersion = 14.0;
						TestTargetID = 2148E47728E18F1D00EC32A1;
					};
				};
			};
			buildConfigurationList = 2148E47328E18F1D00EC32A1 /* Build configuration list for PBXProject "Facundia" */;
			compatibilityVersion = "Xcode 14.0";
			developmentRegion = en;
			hasScannedForEncodings = 0;
			knownRegions = (
				en,
				Base,
			);
			mainGroup = 2148E46F28E18F1D00EC32A1;
			productRefGroup = 2148E47928E18F1D00EC32A1 /* Products */;
			projectDirPath = "";
			projectRoot = "";
			targets = (
				2148E47728E18F1D00EC32A1 /* Facundia */,
				2148E48728E18F1F00EC32A1 /* FacundiaTests */,
				2148E49128E18F1F00EC32A1 /* FacundiaUITests */,
			);
		};
/* End PBXProject section */

/* Begin PBXResourcesBuildPhase section */
		2148E47628E18F1D00EC32A1 /* Resources */ = {
			isa = PBXResourcesBuildPhase;
			buildActionMask = 2147483647;
			files = (
				2148E48328E18F1F00EC32A1 /* Preview Assets.xcassets in Resources */,
				2148E48028E18F1F00EC32A1 /* Assets.xcassets in Resources */,
			);
			runOnlyForDeploymentPostprocessing = 0;
		};
		2148E48628E18F1F00EC32A1 /* Resources */ = {
			isa = PBXResourcesBuildPhase;
			buildActionMask = 2147483647;
			files = (
			);
			runOnlyForDeploymentPostprocessing = 0;
		};
		2148E49028E18F1F00EC32A1 /* Resources */ = {
			isa = PBXResourcesBuildPhase;
			buildActionMask = 2147483647;
			files = (
			);
			runOnlyForDeploymentPostprocessing = 0;
		};
/* End PBXResourcesBuildPhase section */

/* Begin PBXSourcesBuildPhase section */
		2148E47428E18F1D00EC32A1 /* Sources */ = {
			isa = PBXSourcesBuildPhase;
			buildActionMask = 2147483647;
			files = (
				2148E47E28E18F1D00EC32A1 /* ContentView.swift in Sources */,
				2148E47C28E18F1D00EC32A1 /* FacundiaApp.swift in Sources */,
			);
			runOnlyForDeploymentPostprocessing = 0;
		};
		2148E48428E18F1F00EC32A1 /* Sources */ = {
			isa = PBXSourcesBuildPhase;
			buildActionMask = 2147483647;
			files = (
				2148E48D28E18F1F00EC32A1 /* FacundiaTests.swift in Sources */,
			);
			runOnlyForDeploymentPostprocessing = 0;
		};
		2148E48E28E18F1F00EC32A1 /* Sources */ = {
			isa = PBXSourcesBuildPhase;
			buildActionMask = 2147483647;
			files = (
				2148E49928E18F1F00EC32A1 /* FacundiaUITestsLaunchTests.swift in Sources */,
				2148E49728E18F1F00EC32A1 /* FacundiaUITests.swift in Sources */,
			);
			runOnlyForDeploymentPostprocessing = 0;
		};
/* End PBXSourcesBuildPhase section */

/* Begin PBXTargetDependency section */
		2148E48A28E18F1F00EC32A1 /* PBXTargetDependency */ = {
			isa = PBXTargetDependency;
			target = 2148E47728E18F1D00EC32A1 /* Facundia */;
			targetProxy = 2148E48928E18F1F00EC32A1 /* PBXContainerItemProxy */;
		};
		2148E49428E18F1F00EC32A1 /* PBXTargetDependency */ = {
			isa = PBXTargetDependency;
			target = 2148E47728E18F1D00EC32A1 /* Facundia */;
			targetProxy = 2148E49328E18F1F00EC32A1 /* PBXContainerItemProxy */;
		};
/* End PBXTargetDependency section */

/* Begin XCBuildConfiguration section */
		2148E49A28E18F1F00EC32A1 /* Debug */ = {
			isa = XCBuildConfiguration;
			buildSettings = {
				ALWAYS_SEARCH_USER_PATHS = NO;
				CLANG_ANALYZER_NONNULL = YES;
				CLANG_ANALYZER_NUMBER_OBJECT_CONVERSION = YES_AGGRESSIVE;
				CLANG_CXX_LANGUAGE_STANDARD = "gnu++20";
				CLANG_ENABLE_MODULES = YES;
				CLANG_ENABLE_OBJC_ARC = YES;
				CLANG_ENABLE_OBJC_WEAK = YES;
				CLANG_WARN_BLOCK_CAPTURE_AUTORELEASING = YES;
				CLANG_WARN_BOOL_CONVERSION = YES;
				CLANG_WARN_COMMA = YES;
				CLANG_WARN_CONSTANT_CONVERSION = YES;
				CLANG_WARN_DEPRECATED_OBJC_IMPLEMENTATIONS = YES;
				CLANG_WARN_DIRECT_OBJC_ISA_USAGE = YES_ERROR;
				CLANG_WARN_DOCUMENTATION_COMMENTS = YES;
				CLANG_WARN_EMPTY_BODY = YES;
				CLANG_WARN_ENUM_CONVERSION = YES;
				CLANG_WARN_INFINITE_RECURSION = YES;
				CLANG_WARN_INT_CONVERSION = YES;
				CLANG_WARN_NON_LITERAL_NULL_CONVERSION = YES;
				CLANG_WARN_OBJC_IMPLICIT_RETAIN_SELF = YES;
				CLANG_WARN_OBJC_LITERAL_CONVERSION = YES;
				CLANG_WARN_OBJC_ROOT_CLASS = YES_ERROR;
				CLANG_WARN_QUOTED_INCLUDE_IN_FRAMEWORK_HEADER = YES;
				CLANG_WARN_RANGE_LOOP_ANALYSIS = YES;
				CLANG_WARN_STRICT_PROTOTYPES = YES;
				CLANG_WARN_SUSPICIOUS_MOVE = YES;
				CLANG_WARN_UNGUARDED_AVAILABILITY = YES_AGGRESSIVE;
				CLANG_WARN_UNREACHABLE_CODE = YES;
				CLANG_WARN__DUPLICATE_METHOD_MATCH = YES;
				COPY_PHASE_STRIP = NO;
				DEBUG_INFORMATION_FORMAT = dwarf;
				ENABLE_STRICT_OBJC_MSGSEND = YES;
				ENABLE_TESTABILITY = YES;
				GCC_C_LANGUAGE_STANDARD = gnu11;
				GCC_DYNAMIC_NO_PIC = NO;
				GCC_NO_COMMON_BLOCKS = YES;
				GCC_OPTIMIZATION_LEVEL = 0;
				GCC_PREPROCESSOR_DEFINITIONS = (
					"DEBUG=1",
					"$(inherited)",
				);
				GCC_WARN_64_TO_32_BIT_CONVERSION = YES;
				GCC_WARN_ABOUT_RETURN_TYPE = YES_ERROR;
				GCC_WARN_UNDECLARED_SELECTOR = YES;
				GCC_WARN_UNINITIALIZED_AUTOS = YES_AGGRESSIVE;
				GCC_WARN_UNUSED_FUNCTION = YES;
				GCC_WARN_UNUSED_VARIABLE = YES;
				IPHONEOS_DEPLOYMENT_TARGET = 16.0;
				MTL_ENABLE_DEBUG_INFO = INCLUDE_SOURCE;
				MTL_FAST_MATH = YES;
				ONLY_ACTIVE_ARCH = YES;
				SDKROOT = iphoneos;
				SWIFT_ACTIVE_COMPILATION_CONDITIONS = DEBUG;
				SWIFT_OPTIMIZATION_LEVEL = "-Onone";
			};
			name = Debug;
		};
		2148E49B28E18F1F00EC32A1 /* Release */ = {
			isa = XCBuildConfiguration;
			buildSettings = {
				ALWAYS_SEARCH_USER_PATHS = NO;
				CLANG_ANALYZER_NONNULL = YES;
				CLANG_ANALYZER_NUMBER_OBJECT_CONVERSION = YES_AGGRESSIVE;
				CLANG_CXX_LANGUAGE_STANDARD = "gnu++20";
				CLANG_ENABLE_MODULES = YES;
				CLANG_ENABLE_OBJC_ARC = YES;
				CLANG_ENABLE_OBJC_WEAK = YES;
				CLANG_WARN_BLOCK_CAPTURE_AUTORELEASING = YES;
				CLANG_WARN_BOOL_CONVERSION = YES;
				CLANG_WARN_COMMA = YES;
				CLANG_WARN_CONSTANT_CONVERSION = YES;
				CLANG_WARN_DEPRECATED_OBJC_IMPLEMENTATIONS = YES;
				CLANG_WARN_DIRECT_OBJC_ISA_USAGE = YES_ERROR;
				CLANG_WARN_DOCUMENTATION_COMMENTS = YES;
				CLANG_WARN_EMPTY_BODY = YES;
				CLANG_WARN_ENUM_CONVERSION = YES;
				CLANG_WARN_INFINITE_RECURSION = YES;
				CLANG_WARN_INT_CONVERSION = YES;
				CLANG_WARN_NON_LITERAL_NULL_CONVERSION = YES;
				CLANG_WARN_OBJC_IMPLICIT_RETAIN_SELF = YES;
				CLANG_WARN_OBJC_LITERAL_CONVERSION = YES;
				CLANG_WARN_OBJC_ROOT_CLASS = YES_ERROR;
				CLANG_WARN_QUOTED_INCLUDE_IN_FRAMEWORK_HEADER = YES;
				CLANG_WARN_RANGE_LOOP_ANALYSIS = YES;
				CLANG_WARN_STRICT_PROTOTYPES = YES;
				CLANG_WARN_SUSPICIOUS_MOVE = YES;
				CLANG_WARN_UNGUARDED_AVAILABILITY = YES_AGGRESSIVE;
				CLANG_WARN_UNREACHABLE_CODE = YES;
				CLANG_WARN__DUPLICATE_METHOD_MATCH = YES;
				COPY_PHASE_STRIP = NO;
				DEBUG_INFORMATION_FORMAT = "dwarf-with-dsym";
				ENABLE_NS_ASSERTIONS = NO;
				ENABLE_STRICT_OBJC_MSGSEND = YES;
				GCC_C_LANGUAGE_STANDARD = gnu11;
				GCC_NO_COMMON_BLOCKS = YES;
				GCC_WARN_64_TO_32_BIT_CONVERSION = YES;
				GCC_WARN_ABOUT_RETURN_TYPE = YES_ERROR;
				GCC_WARN_UNDECLARED_SELECTOR = YES;
				GCC_WARN_UNINITIALIZED_AUTOS = YES_AGGRESSIVE;
				GCC_WARN_UNUSED_FUNCTION = YES;
				GCC_WARN_UNUSED_VARIABLE = YES;
				IPHONEOS_DEPLOYMENT_TARGET = 16.0;
				MTL_ENABLE_DEBUG_INFO = NO;
				MTL_FAST_MATH = YES;
				SDKROOT = iphoneos;
				SWIFT_COMPILATION_MODE = wholemodule;
				SWIFT_OPTIMIZATION_LEVEL = "-O";
				VALIDATE_PRODUCT = YES;
			};
			name = Release;
		};
		2148E49D28E18F1F00EC32A1 /* Debug */ = {
			isa = XCBuildConfiguration;
			buildSettings = {
				ASSETCATALOG_COMPILER_APPICON_NAME = AppIcon;
				ASSETCATALOG_COMPILER_GLOBAL_ACCENT_COLOR_NAME = AccentColor;
				CODE_SIGN_STYLE = Automatic;
				CURRENT_PROJECT_VERSION = 1;
				DEVELOPMENT_ASSET_PATHS = "\"Facundia/Preview Content\"";
				DEVELOPMENT_TEAM = G29N2FYL67;
				ENABLE_PREVIEWS = YES;
				GENERATE_INFOPLIST_FILE = YES;
				INFOPLIST_KEY_UIApplicationSceneManifest_Generation = YES;
				INFOPLIST_KEY_UIApplicationSupportsIndirectInputEvents = YES;
				INFOPLIST_KEY_UILaunchScreen_Generation = YES;
				INFOPLIST_KEY_UISupportedInterfaceOrientations_iPad = "UIInterfaceOrientationPortrait UIInterfaceOrientationPortraitUpsideDown UIInterfaceOrientationLandscapeLeft UIInterfaceOrientationLandscapeRight";
				INFOPLIST_KEY_UISupportedInterfaceOrientations_iPhone = "UIInterfaceOrientationPortrait UIInterfaceOrientationLandscapeLeft UIInterfaceOrientationLandscapeRight";
				LD_RUNPATH_SEARCH_PATHS = (
					"$(inherited)",
					"@executable_path/Frameworks",
				);
				MARKETING_VERSION = 1.0;
				PRODUCT_BUNDLE_IDENTIFIER = pl.lowicz.inquis1t0r.Facundia;
				PRODUCT_NAME = "$(TARGET_NAME)";
				SWIFT_EMIT_LOC_STRINGS = YES;
				SWIFT_VERSION = 5.0;
				TARGETED_DEVICE_FAMILY = "1,2";
			};
			name = Debug;
		};
		2148E49E28E18F1F00EC32A1 /* Release */ = {
			isa = XCBuildConfiguration;
			buildSettings = {
				ASSETCATALOG_COMPILER_APPICON_NAME = AppIcon;
				ASSETCATALOG_COMPILER_GLOBAL_ACCENT_COLOR_NAME = AccentColor;
				CODE_SIGN_STYLE = Automatic;
				CURRENT_PROJECT_VERSION = 1;
				DEVELOPMENT_ASSET_PATHS = "\"Facundia/Preview Content\"";
				DEVELOPMENT_TEAM = G29N2FYL67;
				ENABLE_PREVIEWS = YES;
				GENERATE_INFOPLIST_FILE = YES;
				INFOPLIST_KEY_UIApplicationSceneManifest_Generation = YES;
				INFOPLIST_KEY_UIApplicationSupportsIndirectInputEvents = YES;
				INFOPLIST_KEY_UILaunchScreen_Generation = YES;
				INFOPLIST_KEY_UISupportedInterfaceOrientations_iPad = "UIInterfaceOrientationPortrait UIInterfaceOrientationPortraitUpsideDown UIInterfaceOrientationLandscapeLeft UIInterfaceOrientationLandscapeRight";
				INFOPLIST_KEY_UISupportedInterfaceOrientations_iPhone = "UIInterfaceOrientationPortrait UIInterfaceOrientationLandscapeLeft UIInterfaceOrientationLandscapeRight";
				LD_RUNPATH_SEARCH_PATHS = (
					"$(inherited)",
					"@executable_path/Frameworks",
				);
				MARKETING_VERSION = 1.0;
				PRODUCT_BUNDLE_IDENTIFIER = pl.lowicz.inquis1t0r.Facundia;
				PRODUCT_NAME = "$(TARGET_NAME)";
				SWIFT_EMIT_LOC_STRINGS = YES;
				SWIFT_VERSION = 5.0;
				TARGETED_DEVICE_FAMILY = "1,2";
			};
			name = Release;
		};
		2148E4A028E18F1F00EC32A1 /* Debug */ = {
			isa = XCBuildConfiguration;
			buildSettings = {
				ALWAYS_EMBED_SWIFT_STANDARD_LIBRARIES = YES;
				BUNDLE_LOADER = "$(TEST_HOST)";
				CODE_SIGN_STYLE = Automatic;
				CURRENT_PROJECT_VERSION = 1;
				DEVELOPMENT_TEAM = G29N2FYL67;
				GENERATE_INFOPLIST_FILE = YES;
				IPHONEOS_DEPLOYMENT_TARGET = 16.0;
				MARKETING_VERSION = 1.0;
				PRODUCT_BUNDLE_IDENTIFIER = pl.lowicz.inquis1t0r.FacundiaTests;
				PRODUCT_NAME = "$(TARGET_NAME)";
				SWIFT_EMIT_LOC_STRINGS = NO;
				SWIFT_VERSION = 5.0;
				TARGETED_DEVICE_FAMILY = "1,2";
				TEST_HOST = "$(BUILT_PRODUCTS_DIR)/Facundia.app/$(BUNDLE_EXECUTABLE_FOLDER_PATH)/Facundia";
			};
			name = Debug;
		};
		2148E4A128E18F1F00EC32A1 /* Release */ = {
			isa = XCBuildConfiguration;
			buildSettings = {
				ALWAYS_EMBED_SWIFT_STANDARD_LIBRARIES = YES;
				BUNDLE_LOADER = "$(TEST_HOST)";
				CODE_SIGN_STYLE = Automatic;
				CURRENT_PROJECT_VERSION = 1;
				DEVELOPMENT_TEAM = G29N2FYL67;
				GENERATE_INFOPLIST_FILE = YES;
				IPHONEOS_DEPLOYMENT_TARGET = 16.0;
				MARKETING_VERSION = 1.0;
				PRODUCT_BUNDLE_IDENTIFIER = pl.lowicz.inquis1t0r.FacundiaTests;
				PRODUCT_NAME = "$(TARGET_NAME)";
				SWIFT_EMIT_LOC_STRINGS = NO;
				SWIFT_VERSION = 5.0;
				TARGETED_DEVICE_FAMILY = "1,2";
				TEST_HOST = "$(BUILT_PRODUCTS_DIR)/Facundia.app/$(BUNDLE_EXECUTABLE_FOLDER_PATH)/Facundia";
			};
			name = Release;
		};
		2148E4A328E18F1F00EC32A1 /* Debug */ = {
			isa = XCBuildConfiguration;
			buildSettings = {
				ALWAYS_EMBED_SWIFT_STANDARD_LIBRARIES = YES;
				CODE_SIGN_STYLE = Automatic;
				CURRENT_PROJECT_VERSION = 1;
				DEVELOPMENT_TEAM = G29N2FYL67;
				GENERATE_INFOPLIST_FILE = YES;
				MARKETING_VERSION = 1.0;
				PRODUCT_BUNDLE_IDENTIFIER = pl.lowicz.inquis1t0r.FacundiaUITests;
				PRODUCT_NAME = "$(TARGET_NAME)";
				SWIFT_EMIT_LOC_STRINGS = NO;
				SWIFT_VERSION = 5.0;
				TARGETED_DEVICE_FAMILY = "1,2";
				TEST_TARGET_NAME = Facundia;
			};
			name = Debug;
		};
		2148E4A428E18F1F00EC32A1 /* Release */ = {
			isa = XCBuildConfiguration;
			buildSettings = {
				ALWAYS_EMBED_SWIFT_STANDARD_LIBRARIES = YES;
				CODE_SIGN_STYLE = Automatic;
				CURRENT_PROJECT_VERSION = 1;
				DEVELOPMENT_TEAM = G29N2FYL67;
				GENERATE_INFOPLIST_FILE = YES;
				MARKETING_VERSION = 1.0;
				PRODUCT_BUNDLE_IDENTIFIER = pl.lowicz.inquis1t0r.FacundiaUITests;
				PRODUCT_NAME = "$(TARGET_NAME)";
				SWIFT_EMIT_LOC_STRINGS = NO;
				SWIFT_VERSION = 5.0;
				TARGETED_DEVICE_FAMILY = "1,2";
				TEST_TARGET_NAME = Facundia;
			};
			name = Release;
		};
/* End XCBuildConfiguration section */

/* Begin XCConfigurationList section */
		2148E47328E18F1D00EC32A1 /* Build configuration list for PBXProject "Facundia" */ = {
			isa = XCConfigurationList;
			buildConfigurations = (
				2148E49A28E18F1F00EC32A1 /* Debug */,
				2148E49B28E18F1F00EC32A1 /* Release */,
			);
			defaultConfigurationIsVisible = 0;
			defaultConfigurationName = Release;
		};
		2148E49C28E18F1F00EC32A1 /* Build configuration list for PBXNativeTarget "Facundia" */ = {
			isa = XCConfigurationList;
			buildConfigurations = (
				2148E49D28E18F1F00EC32A1 /* Debug */,
				2148E49E28E18F1F00EC32A1 /* Release */,
			);
			defaultConfigurationIsVisible = 0;
			defaultConfigurationName = Release;
		};
		2148E49F28E18F1F00EC32A1 /* Build configuration list for PBXNativeTarget "FacundiaTests" */ = {
			isa = XCConfigurationList;
			buildConfigurations = (
				2148E4A028E18F1F00EC32A1 /* Debug */,
				2148E4A128E18F1F00EC32A1 /* Release */,
			);
			defaultConfigurationIsVisible = 0;
			defaultConfigurationName = Release;
		};
		2148E4A228E18F1F00EC32A1 /* Build configuration list for PBXNativeTarget "FacundiaUITests" */ = {
			isa = XCConfigurationList;
			buildConfigurations = (
				2148E4A328E18F1F00EC32A1 /* Debug */,
				2148E4A428E18F1F00EC32A1 /* Release */,
			);
			defaultConfigurationIsVisible = 0;
			defaultConfigurationName = Release;
		};
/* End XCConfigurationList section */
	};
	rootObject = 2148E47028E18F1D00EC32A1 /* Project object */;
}
